// !$*UTF8*$!
{
	archiveVersion = 1;
	classes = {
	};
	objectVersion = 50;
	objects = {

/* Begin PBXBuildFile section */
		077287D0218B2B5100563695 /* AppDelegate.swift in Sources */ = {isa = PBXBuildFile; fileRef = 077287CF218B2B5100563695 /* AppDelegate.swift */; };
		077287D8218B2B5100563695 /* hypeNews.xcdatamodeld in Sources */ = {isa = PBXBuildFile; fileRef = 077287D6218B2B5100563695 /* hypeNews.xcdatamodeld */; };
		077287DA218B2B5200563695 /* Assets.xcassets in Resources */ = {isa = PBXBuildFile; fileRef = 077287D9218B2B5200563695 /* Assets.xcassets */; };
		077287DD218B2B5200563695 /* LaunchScreen.storyboard in Resources */ = {isa = PBXBuildFile; fileRef = 077287DB218B2B5200563695 /* LaunchScreen.storyboard */; };
		077287EB218B37CC00563695 /* SneakerList.storyboard in Resources */ = {isa = PBXBuildFile; fileRef = 077287EA218B37CC00563695 /* SneakerList.storyboard */; };
		077287ED218B3A2A00563695 /* SneakerListViewController.swift in Sources */ = {isa = PBXBuildFile; fileRef = 077287EC218B3A2A00563695 /* SneakerListViewController.swift */; };
		077287EF218B3C5B00563695 /* Sneaker.swift in Sources */ = {isa = PBXBuildFile; fileRef = 077287EE218B3C5B00563695 /* Sneaker.swift */; };
		077287F1218B3D7900563695 /* SneakerTableViewCell.swift in Sources */ = {isa = PBXBuildFile; fileRef = 077287F0218B3D7900563695 /* SneakerTableViewCell.swift */; };
		077287F5218B68B100563695 /* SneakerManager.swift in Sources */ = {isa = PBXBuildFile; fileRef = 077287F4218B68B100563695 /* SneakerManager.swift */; };
		077287F7218B6B2900563695 /* SneakerDetailViewController.swift in Sources */ = {isa = PBXBuildFile; fileRef = 077287F6218B6B2900563695 /* SneakerDetailViewController.swift */; };
		077287F9218B6B5800563695 /* SelectedSneaker.storyboard in Resources */ = {isa = PBXBuildFile; fileRef = 077287F8218B6B5800563695 /* SelectedSneaker.storyboard */; };
		077287FB218C7FDE00563695 /* Brand.swift in Sources */ = {isa = PBXBuildFile; fileRef = 077287FA218C7FDE00563695 /* Brand.swift */; };
		077287FD218D02C600563695 /* BrandProfileViewController.swift in Sources */ = {isa = PBXBuildFile; fileRef = 077287FC218D02C600563695 /* BrandProfileViewController.swift */; };
		077287FF218D02DD00563695 /* BrandProfile.storyboard in Resources */ = {isa = PBXBuildFile; fileRef = 077287FE218D02DD00563695 /* BrandProfile.storyboard */; };
/* End PBXBuildFile section */

/* Begin PBXFileReference section */
		077287CC218B2B5100563695 /* hypeNews.app */ = {isa = PBXFileReference; explicitFileType = wrapper.application; includeInIndex = 0; path = hypeNews.app; sourceTree = BUILT_PRODUCTS_DIR; };
		077287CF218B2B5100563695 /* AppDelegate.swift */ = {isa = PBXFileReference; lastKnownFileType = sourcecode.swift; path = AppDelegate.swift; sourceTree = "<group>"; };
		077287D7218B2B5100563695 /* hypeNews.xcdatamodel */ = {isa = PBXFileReference; lastKnownFileType = wrapper.xcdatamodel; path = hypeNews.xcdatamodel; sourceTree = "<group>"; };
		077287D9218B2B5200563695 /* Assets.xcassets */ = {isa = PBXFileReference; lastKnownFileType = folder.assetcatalog; path = Assets.xcassets; sourceTree = "<group>"; };
		077287DC218B2B5200563695 /* Base */ = {isa = PBXFileReference; lastKnownFileType = file.storyboard; name = Base; path = Base.lproj/LaunchScreen.storyboard; sourceTree = "<group>"; };
		077287DE218B2B5200563695 /* Info.plist */ = {isa = PBXFileReference; lastKnownFileType = text.plist.xml; path = Info.plist; sourceTree = "<group>"; };
		077287EA218B37CC00563695 /* SneakerList.storyboard */ = {isa = PBXFileReference; lastKnownFileType = file.storyboard; path = SneakerList.storyboard; sourceTree = "<group>"; };
		077287EC218B3A2A00563695 /* SneakerListViewController.swift */ = {isa = PBXFileReference; lastKnownFileType = sourcecode.swift; path = SneakerListViewController.swift; sourceTree = "<group>"; };
		077287EE218B3C5B00563695 /* Sneaker.swift */ = {isa = PBXFileReference; lastKnownFileType = sourcecode.swift; path = Sneaker.swift; sourceTree = "<group>"; };
		077287F0218B3D7900563695 /* SneakerTableViewCell.swift */ = {isa = PBXFileReference; lastKnownFileType = sourcecode.swift; path = SneakerTableViewCell.swift; sourceTree = "<group>"; };
		077287F4218B68B100563695 /* SneakerManager.swift */ = {isa = PBXFileReference; lastKnownFileType = sourcecode.swift; path = SneakerManager.swift; sourceTree = "<group>"; };
		077287F6218B6B2900563695 /* SneakerDetailViewController.swift */ = {isa = PBXFileReference; lastKnownFileType = sourcecode.swift; path = SneakerDetailViewController.swift; sourceTree = "<group>"; };
		077287F8218B6B5800563695 /* SelectedSneaker.storyboard */ = {isa = PBXFileReference; lastKnownFileType = file.storyboard; path = SelectedSneaker.storyboard; sourceTree = "<group>"; };
		077287FA218C7FDE00563695 /* Brand.swift */ = {isa = PBXFileReference; lastKnownFileType = sourcecode.swift; path = Brand.swift; sourceTree = "<group>"; };
		077287FC218D02C600563695 /* BrandProfileViewController.swift */ = {isa = PBXFileReference; lastKnownFileType = sourcecode.swift; path = BrandProfileViewController.swift; sourceTree = "<group>"; };
		077287FE218D02DD00563695 /* BrandProfile.storyboard */ = {isa = PBXFileReference; lastKnownFileType = file.storyboard; path = BrandProfile.storyboard; sourceTree = "<group>"; };
/* End PBXFileReference section */

/* Begin PBXFrameworksBuildPhase section */
		077287C9218B2B5100563695 /* Frameworks */ = {
			isa = PBXFrameworksBuildPhase;
			buildActionMask = 2147483647;
			files = (
			);
			runOnlyForDeploymentPostprocessing = 0;
		};
/* End PBXFrameworksBuildPhase section */

/* Begin PBXGroup section */
		077287C3218B2B5100563695 = {
			isa = PBXGroup;
			children = (
				077287CE218B2B5100563695 /* hypeNews */,
				077287CD218B2B5100563695 /* Products */,
			);
			sourceTree = "<group>";
		};
		077287CD218B2B5100563695 /* Products */ = {
			isa = PBXGroup;
			children = (
				077287CC218B2B5100563695 /* hypeNews.app */,
			);
			name = Products;
			sourceTree = "<group>";
		};
		077287CE218B2B5100563695 /* hypeNews */ = {
			isa = PBXGroup;
			children = (
				077287DE218B2B5200563695 /* Info.plist */,
				077287E7218B2D1A00563695 /* Data Models */,
				077287E6218B2D1300563695 /* Utilites */,
				077287E5218B2D0500563695 /* ViewControllers */,
				077287E4218B2CF800563695 /* StoryBoards */,
				077287D9218B2B5200563695 /* Assets.xcassets */,
			);
			path = hypeNews;
			sourceTree = "<group>";
		};
		077287E4218B2CF800563695 /* StoryBoards */ = {
			isa = PBXGroup;
			children = (
				077287DB218B2B5200563695 /* LaunchScreen.storyboard */,
				077287EA218B37CC00563695 /* SneakerList.storyboard */,
				077287F8218B6B5800563695 /* SelectedSneaker.storyboard */,
				077287FE218D02DD00563695 /* BrandProfile.storyboard */,
			);
			path = StoryBoards;
			sourceTree = "<group>";
		};
		077287E5218B2D0500563695 /* ViewControllers */ = {
			isa = PBXGroup;
			children = (
				077287EC218B3A2A00563695 /* SneakerListViewController.swift */,
				077287F6218B6B2900563695 /* SneakerDetailViewController.swift */,
				077287FC218D02C600563695 /* BrandProfileViewController.swift */,
			);
			path = ViewControllers;
			sourceTree = "<group>";
		};
		077287E6218B2D1300563695 /* Utilites */ = {
			isa = PBXGroup;
			children = (
				077287CF218B2B5100563695 /* AppDelegate.swift */,
				077287F4218B68B100563695 /* SneakerManager.swift */,
			);
			path = Utilites;
			sourceTree = "<group>";
		};
		077287E7218B2D1A00563695 /* Data Models */ = {
			isa = PBXGroup;
			children = (
				077287D6218B2B5100563695 /* hypeNews.xcdatamodeld */,
				077287EE218B3C5B00563695 /* Sneaker.swift */,
				077287F0218B3D7900563695 /* SneakerTableViewCell.swift */,
				077287FA218C7FDE00563695 /* Brand.swift */,
			);
			path = "Data Models";
			sourceTree = "<group>";
		};
/* End PBXGroup section */

/* Begin PBXNativeTarget section */
		077287CB218B2B5100563695 /* hypeNews */ = {
			isa = PBXNativeTarget;
			buildConfigurationList = 077287E1218B2B5200563695 /* Build configuration list for PBXNativeTarget "hypeNews" */;
			buildPhases = (
				077287C8218B2B5100563695 /* Sources */,
				077287C9218B2B5100563695 /* Frameworks */,
				077287CA218B2B5100563695 /* Resources */,
			);
			buildRules = (
			);
			dependencies = (
			);
			name = hypeNews;
			productName = hypeNews;
			productReference = 077287CC218B2B5100563695 /* hypeNews.app */;
			productType = "com.apple.product-type.application";
		};
/* End PBXNativeTarget section */

/* Begin PBXProject section */
		077287C4218B2B5100563695 /* Project object */ = {
			isa = PBXProject;
			attributes = {
				LastSwiftUpdateCheck = 1010;
				LastUpgradeCheck = 1010;
				ORGANIZATIONNAME = "Devan Allara";
				TargetAttributes = {
					077287CB218B2B5100563695 = {
						CreatedOnToolsVersion = 10.1;
					};
				};
			};
			buildConfigurationList = 077287C7218B2B5100563695 /* Build configuration list for PBXProject "hypeNews" */;
			compatibilityVersion = "Xcode 9.3";
			developmentRegion = en;
			hasScannedForEncodings = 0;
			knownRegions = (
				en,
				Base,
			);
			mainGroup = 077287C3218B2B5100563695;
			productRefGroup = 077287CD218B2B5100563695 /* Products */;
			projectDirPath = "";
			projectRoot = "";
			targets = (
				077287CB218B2B5100563695 /* hypeNews */,
			);
		};
/* End PBXProject section */

/* Begin PBXResourcesBuildPhase section */
		077287CA218B2B5100563695 /* Resources */ = {
			isa = PBXResourcesBuildPhase;
			buildActionMask = 2147483647;
			files = (
				077287FF218D02DD00563695 /* BrandProfile.storyboard in Resources */,
				077287DD218B2B5200563695 /* LaunchScreen.storyboard in Resources */,
				077287DA218B2B5200563695 /* Assets.xcassets in Resources */,
				077287EB218B37CC00563695 /* SneakerList.storyboard in Resources */,
				077287F9218B6B5800563695 /* SelectedSneaker.storyboard in Resources */,
			);
			runOnlyForDeploymentPostprocessing = 0;
		};
/* End PBXResourcesBuildPhase section */

/* Begin PBXSourcesBuildPhase section */
		077287C8218B2B5100563695 /* Sources */ = {
			isa = PBXSourcesBuildPhase;
			buildActionMask = 2147483647;
			files = (
				077287EF218B3C5B00563695 /* Sneaker.swift in Sources */,
				077287F5218B68B100563695 /* SneakerManager.swift in Sources */,
				077287D8218B2B5100563695 /* hypeNews.xcdatamodeld in Sources */,
				077287F1218B3D7900563695 /* SneakerTableViewCell.swift in Sources */,
				077287ED218B3A2A00563695 /* SneakerListViewController.swift in Sources */,
				077287FB218C7FDE00563695 /* Brand.swift in Sources */,
				077287FD218D02C600563695 /* BrandProfileViewController.swift in Sources */,
				077287D0218B2B5100563695 /* AppDelegate.swift in Sources */,
				077287F7218B6B2900563695 /* SneakerDetailViewController.swift in Sources */,
			);
			runOnlyForDeploymentPostprocessing = 0;
		};
/* End PBXSourcesBuildPhase section */

/* Begin PBXVariantGroup section */
		077287DB218B2B5200563695 /* LaunchScreen.storyboard */ = {
			isa = PBXVariantGroup;
			children = (
				077287DC218B2B5200563695 /* Base */,
			);
			name = LaunchScreen.storyboard;
			sourceTree = "<group>";
		};
/* End PBXVariantGroup section */

/* Begin XCBuildConfiguration section */
		077287DF218B2B5200563695 /* Debug */ = {
			isa = XCBuildConfiguration;
			buildSettings = {
				ALWAYS_SEARCH_USER_PATHS = NO;
				CLANG_ANALYZER_NONNULL = YES;
				CLANG_ANALYZER_NUMBER_OBJECT_CONVERSION = YES_AGGRESSIVE;
				CLANG_CXX_LANGUAGE_STANDARD = "gnu++14";
				CLANG_CXX_LIBRARY = "libc++";
				CLANG_ENABLE_MODULES = YES;
				CLANG_ENABLE_OBJC_ARC = YES;
				CLANG_ENABLE_OBJC_WEAK = YES;
				CLANG_WARN_BLOCK_CAPTURE_AUTORELEASING = YES;
				CLANG_WARN_BOOL_CONVERSION = YES;
				CLANG_WARN_COMMA = YES;
				CLANG_WARN_CONSTANT_CONVERSION = YES;
				CLANG_WARN_DEPRECATED_OBJC_IMPLEMENTATIONS = YES;
				CLANG_WARN_DIRECT_OBJC_ISA_USAGE = YES_ERROR;
				CLANG_WARN_DOCUMENTATION_COMMENTS = YES;
				CLANG_WARN_EMPTY_BODY = YES;
				CLANG_WARN_ENUM_CONVERSION = YES;
				CLANG_WARN_INFINITE_RECURSION = YES;
				CLANG_WARN_INT_CONVERSION = YES;
				CLANG_WARN_NON_LITERAL_NULL_CONVERSION = YES;
				CLANG_WARN_OBJC_IMPLICIT_RETAIN_SELF = YES;
				CLANG_WARN_OBJC_LITERAL_CONVERSION = YES;
				CLANG_WARN_OBJC_ROOT_CLASS = YES_ERROR;
				CLANG_WARN_RANGE_LOOP_ANALYSIS = YES;
				CLANG_WARN_STRICT_PROTOTYPES = YES;
				CLANG_WARN_SUSPICIOUS_MOVE = YES;
				CLANG_WARN_UNGUARDED_AVAILABILITY = YES_AGGRESSIVE;
				CLANG_WARN_UNREACHABLE_CODE = YES;
				CLANG_WARN__DUPLICATE_METHOD_MATCH = YES;
				CODE_SIGN_IDENTITY = "iPhone Developer";
				COPY_PHASE_STRIP = NO;
				DEBUG_INFORMATION_FORMAT = dwarf;
				ENABLE_STRICT_OBJC_MSGSEND = YES;
				ENABLE_TESTABILITY = YES;
				GCC_C_LANGUAGE_STANDARD = gnu11;
				GCC_DYNAMIC_NO_PIC = NO;
				GCC_NO_COMMON_BLOCKS = YES;
				GCC_OPTIMIZATION_LEVEL = 0;
				GCC_PREPROCESSOR_DEFINITIONS = (
					"DEBUG=1",
					"$(inherited)",
				);
				GCC_WARN_64_TO_32_BIT_CONVERSION = YES;
				GCC_WARN_ABOUT_RETURN_TYPE = YES_ERROR;
				GCC_WARN_UNDECLARED_SELECTOR = YES;
				GCC_WARN_UNINITIALIZED_AUTOS = YES_AGGRESSIVE;
				GCC_WARN_UNUSED_FUNCTION = YES;
				GCC_WARN_UNUSED_VARIABLE = YES;
				IPHONEOS_DEPLOYMENT_TARGET = 12.1;
				MTL_ENABLE_DEBUG_INFO = INCLUDE_SOURCE;
				MTL_FAST_MATH = YES;
				ONLY_ACTIVE_ARCH = YES;
				SDKROOT = iphoneos;
				SWIFT_ACTIVE_COMPILATION_CONDITIONS = DEBUG;
				SWIFT_OPTIMIZATION_LEVEL = "-Onone";
			};
			name = Debug;
		};
		077287E0218B2B5200563695 /* Release */ = {
			isa = XCBuildConfiguration;
			buildSettings = {
				ALWAYS_SEARCH_USER_PATHS = NO;
				CLANG_ANALYZER_NONNULL = YES;
				CLANG_ANALYZER_NUMBER_OBJECT_CONVERSION = YES_AGGRESSIVE;
				CLANG_CXX_LANGUAGE_STANDARD = "gnu++14";
				CLANG_CXX_LIBRARY = "libc++";
				CLANG_ENABLE_MODULES = YES;
				CLANG_ENABLE_OBJC_ARC = YES;
				CLANG_ENABLE_OBJC_WEAK = YES;
				CLANG_WARN_BLOCK_CAPTURE_AUTORELEASING = YES;
				CLANG_WARN_BOOL_CONVERSION = YES;
				CLANG_WARN_COMMA = YES;
				CLANG_WARN_CONSTANT_CONVERSION = YES;
				CLANG_WARN_DEPRECATED_OBJC_IMPLEMENTATIONS = YES;
				CLANG_WARN_DIRECT_OBJC_ISA_USAGE = YES_ERROR;
				CLANG_WARN_DOCUMENTATION_COMMENTS = YES;
				CLANG_WARN_EMPTY_BODY = YES;
				CLANG_WARN_ENUM_CONVERSION = YES;
				CLANG_WARN_INFINITE_RECURSION = YES;
				CLANG_WARN_INT_CONVERSION = YES;
				CLANG_WARN_NON_LITERAL_NULL_CONVERSION = YES;
				CLANG_WARN_OBJC_IMPLICIT_RETAIN_SELF = YES;
				CLANG_WARN_OBJC_LITERAL_CONVERSION = YES;
				CLANG_WARN_OBJC_ROOT_CLASS = YES_ERROR;
				CLANG_WARN_RANGE_LOOP_ANALYSIS = YES;
				CLANG_WARN_STRICT_PROTOTYPES = YES;
				CLANG_WARN_SUSPICIOUS_MOVE = YES;
				CLANG_WARN_UNGUARDED_AVAILABILITY = YES_AGGRESSIVE;
				CLANG_WARN_UNREACHABLE_CODE = YES;
				CLANG_WARN__DUPLICATE_METHOD_MATCH = YES;
				CODE_SIGN_IDENTITY = "iPhone Developer";
				COPY_PHASE_STRIP = NO;
				DEBUG_INFORMATION_FORMAT = "dwarf-with-dsym";
				ENABLE_NS_ASSERTIONS = NO;
				ENABLE_STRICT_OBJC_MSGSEND = YES;
				GCC_C_LANGUAGE_STANDARD = gnu11;
				GCC_NO_COMMON_BLOCKS = YES;
				GCC_WARN_64_TO_32_BIT_CONVERSION = YES;
				GCC_WARN_ABOUT_RETURN_TYPE = YES_ERROR;
				GCC_WARN_UNDECLARED_SELECTOR = YES;
				GCC_WARN_UNINITIALIZED_AUTOS = YES_AGGRESSIVE;
				GCC_WARN_UNUSED_FUNCTION = YES;
				GCC_WARN_UNUSED_VARIABLE = YES;
				IPHONEOS_DEPLOYMENT_TARGET = 12.1;
				MTL_ENABLE_DEBUG_INFO = NO;
				MTL_FAST_MATH = YES;
				SDKROOT = iphoneos;
				SWIFT_COMPILATION_MODE = wholemodule;
				SWIFT_OPTIMIZATION_LEVEL = "-O";
				VALIDATE_PRODUCT = YES;
			};
			name = Release;
		};
		077287E2218B2B5200563695 /* Debug */ = {
			isa = XCBuildConfiguration;
			buildSettings = {
				ASSETCATALOG_COMPILER_APPICON_NAME = AppIcon;
				CODE_SIGN_STYLE = Automatic;
				DEVELOPMENT_TEAM = W9QV58MHM6;
				INFOPLIST_FILE = hypeNews/Info.plist;
				LD_RUNPATH_SEARCH_PATHS = (
					"$(inherited)",
					"@executable_path/Frameworks",
				);
				PRODUCT_BUNDLE_IDENTIFIER = Devan.hypeNews;
				PRODUCT_NAME = "$(TARGET_NAME)";
				SWIFT_VERSION = 4.2;
				TARGETED_DEVICE_FAMILY = "1,2";
			};
			name = Debug;
		};
		077287E3218B2B5200563695 /* Release */ = {
			isa = XCBuildConfiguration;
			buildSettings = {
				ASSETCATALOG_COMPILER_APPICON_NAME = AppIcon;
				CODE_SIGN_STYLE = Automatic;
				DEVELOPMENT_TEAM = W9QV58MHM6;
				INFOPLIST_FILE = hypeNews/Info.plist;
				LD_RUNPATH_SEARCH_PATHS = (
					"$(inherited)",
					"@executable_path/Frameworks",
				);
				PRODUCT_BUNDLE_IDENTIFIER = Devan.hypeNews;
				PRODUCT_NAME = "$(TARGET_NAME)";
				SWIFT_VERSION = 4.2;
				TARGETED_DEVICE_FAMILY = "1,2";
			};
			name = Release;
		};
/* End XCBuildConfiguration section */

/* Begin XCConfigurationList section */
		077287C7218B2B5100563695 /* Build configuration list for PBXProject "hypeNews" */ = {
			isa = XCConfigurationList;
			buildConfigurations = (
				077287DF218B2B5200563695 /* Debug */,
				077287E0218B2B5200563695 /* Release */,
			);
			defaultConfigurationIsVisible = 0;
			defaultConfigurationName = Release;
		};
		077287E1218B2B5200563695 /* Build configuration list for PBXNativeTarget "hypeNews" */ = {
			isa = XCConfigurationList;
			buildConfigurations = (
				077287E2218B2B5200563695 /* Debug */,
				077287E3218B2B5200563695 /* Release */,
			);
			defaultConfigurationIsVisible = 0;
			defaultConfigurationName = Release;
		};
/* End XCConfigurationList section */

/* Begin XCVersionGroup section */
		077287D6218B2B5100563695 /* hypeNews.xcdatamodeld */ = {
			isa = XCVersionGroup;
			children = (
				077287D7218B2B5100563695 /* hypeNews.xcdatamodel */,
			);
			currentVersion = 077287D7218B2B5100563695 /* hypeNews.xcdatamodel */;
			path = hypeNews.xcdatamodeld;
			sourceTree = "<group>";
			versionGroupType = wrapper.xcdatamodel;
		};
/* End XCVersionGroup section */
	};
	rootObject = 077287C4218B2B5100563695 /* Project object */;
}
